Microsoft Visual Studio Solution File, Format Version 12.00
# Visual Studio 15
VisualStudioVersion = 15.0.27130.2027
MinimumVisualStudioVersion = 10.0.40219.1
Project("{2150E333-8FDC-42A3-9474-1A3956D46DE8}") = "Core", "Core", "{5BFE1232-DEA7-4A96-BC29-2888E8586CD2}"
EndProject
Project("{2150E333-8FDC-42A3-9474-1A3956D46DE8}") = "Plugins", "Plugins", "{E2137330-8F1F-4427-AED4-0A55AA225379}"
EndProject
Project("{2150E333-8FDC-42A3-9474-1A3956D46DE8}") = "Environment", "Environment", "{D98F4966-F523-4E74-83DA-A0FBA6DD4215}"
EndProject
Project("{9A19103F-16F7-4668-BE54-9A1E7A4F7556}") = "Aster.Web", "Aster.Web\Aster.Web.csproj", "{52BA8A92-E86E-4CFB-8734-B72592550C4F}"
EndProject
Project("{9A19103F-16F7-4668-BE54-9A1E7A4F7556}") = "Aster.Data", "Aster.Data\Aster.Data.csproj", "{73260BA0-6215-45FC-B866-204E2D399A83}"
EndProject
Project("{9A19103F-16F7-4668-BE54-9A1E7A4F7556}") = "Aster.Core.Domain", "Aster.Core.Domain\Aster.Core.Domain.csproj", "{62FAEACE-FD21-43E9-A6CE-3B5B9D1CEB32}"
EndProject
Project("{9A19103F-16F7-4668-BE54-9A1E7A4F7556}") = "Aster.Data.EntityFramework", "Aster.Data.EntityFramework\Aster.Data.EntityFramework.csproj", "{4DCC5AD5-DAA1-44F0-8C51-B0B5D46B9ABE}"
EndProject
Project("{9A19103F-16F7-4668-BE54-9A1E7A4F7556}") = "Aster.Services", "Aster.Services\Aster.Services.csproj", "{505318A9-4854-4F88-8D67-0D90B055CE09}"
EndProject
Project("{9A19103F-16F7-4668-BE54-9A1E7A4F7556}") = "Aster.Framework", "Aster.Framework\Aster.Framework.csproj", "{A9CBB12E-0DE2-4253-B6F4-385665595D2F}"
EndProject
Project("{2150E333-8FDC-42A3-9474-1A3956D46DE8}") = "System", "System", "{38976CF9-C4BD-4548-AFCC-DB95AEA602CA}"
EndProject
Project("{FAE04EC0-301F-11D3-BF4B-00C04F79EFBC}") = "Aster.System.Abstractions", "Aster.System.Abstractions\Aster.System.Abstractions.csproj", "{AE10CD31-A6C3-4D6F-B186-E43C9A4E32B0}"
EndProject
Project("{FAE04EC0-301F-11D3-BF4B-00C04F79EFBC}") = "Aster.System.Engine", "Aster.System.Engine\Aster.System.Engine.csproj", "{AD4088C6-6EC0-47B6-BA45-496950740F9E}"
EndProject
Project("{FAE04EC0-301F-11D3-BF4B-00C04F79EFBC}") = "Aster.System.Data", "Aster.System.Data\Aster.System.Data.csproj", "{942CD9A7-48D0-463B-8F9B-42B5F04E74C8}"
EndProject
Project("{2150E333-8FDC-42A3-9474-1A3956D46DE8}") = "Utils", "Utils", "{5F09CE76-5236-407A-BECB-651795424EDE}"
EndProject
Project("{FAE04EC0-301F-11D3-BF4B-00C04F79EFBC}") = "Aster.Utils.TypeFinder", "Aster.Utils.TypeFinder\Aster.Utils.TypeFinder.csproj", "{6B398FCE-1F60-4228-BB8A-3C3070BF9F64}"
EndProject
Project("{FAE04EC0-301F-11D3-BF4B-00C04F79EFBC}") = "Aster.System.Authentication", "Aster.System.Authentication\Aster.System.Authentication.csproj", "{0C569017-A379-465E-B468-75102F7AFE12}"
EndProject
Project("{FAE04EC0-301F-11D3-BF4B-00C04F79EFBC}") = "Aster.System.Data.EntityFramework", "Aster.System.Data.EntityFramework\Aster.System.Data.EntityFramework.csproj", "{9001A5D1-8A61-4DFD-91BF-3AD1B3943BDE}"
EndProject
Project("{FAE04EC0-301F-11D3-BF4B-00C04F79EFBC}") = "Aster.System.Logging", "Aster.System.Logging\Aster.System.Logging.csproj", "{0BFEDF17-9B4C-4A2E-B185-9CA314C4FCC8}"
EndProject
Project("{FAE04EC0-301F-11D3-BF4B-00C04F79EFBC}") = "Aster.System.Permission", "Aster.System.Permission\Aster.System.Permission.csproj", "{03149A2A-7E5E-42B8-A74A-99AE78147BC8}"
EndProject
Project("{FAE04EC0-301F-11D3-BF4B-00C04F79EFBC}") = "Aster.Utils.Encryption", "Aster.Utils.Encryption\Aster.Utils.Encryption.csproj", "{6B589D00-1E9A-497B-A8DB-A0269E61A13D}"
EndProject
Project("{FAE04EC0-301F-11D3-BF4B-00C04F79EFBC}") = "Aster.System.Localization", "Aster.System.Localization\Aster.System.Localization.csproj", "{DC413619-A2E2-440F-A143-5FE6A40EBBCE}"
EndProject
Global
	GlobalSection(SolutionConfigurationPlatforms) = preSolution
		Debug|Any CPU = Debug|Any CPU
		Debug|x64 = Debug|x64
		Debug|x86 = Debug|x86
		Release|Any CPU = Release|Any CPU
		Release|x64 = Release|x64
		Release|x86 = Release|x86
	EndGlobalSection
	GlobalSection(ProjectConfigurationPlatforms) = postSolution
		{52BA8A92-E86E-4CFB-8734-B72592550C4F}.Debug|Any CPU.ActiveCfg = Debug|Any CPU
		{52BA8A92-E86E-4CFB-8734-B72592550C4F}.Debug|Any CPU.Build.0 = Debug|Any CPU
		{52BA8A92-E86E-4CFB-8734-B72592550C4F}.Debug|x64.ActiveCfg = Debug|Any CPU
		{52BA8A92-E86E-4CFB-8734-B72592550C4F}.Debug|x64.Build.0 = Debug|Any CPU
		{52BA8A92-E86E-4CFB-8734-B72592550C4F}.Debug|x86.ActiveCfg = Debug|Any CPU
		{52BA8A92-E86E-4CFB-8734-B72592550C4F}.Debug|x86.Build.0 = Debug|Any CPU
		{52BA8A92-E86E-4CFB-8734-B72592550C4F}.Release|Any CPU.ActiveCfg = Release|Any CPU
		{52BA8A92-E86E-4CFB-8734-B72592550C4F}.Release|Any CPU.Build.0 = Release|Any CPU
		{52BA8A92-E86E-4CFB-8734-B72592550C4F}.Release|x64.ActiveCfg = Release|Any CPU
		{52BA8A92-E86E-4CFB-8734-B72592550C4F}.Release|x64.Build.0 = Release|Any CPU
		{52BA8A92-E86E-4CFB-8734-B72592550C4F}.Release|x86.ActiveCfg = Release|Any CPU
		{52BA8A92-E86E-4CFB-8734-B72592550C4F}.Release|x86.Build.0 = Release|Any CPU
		{73260BA0-6215-45FC-B866-204E2D399A83}.Debug|Any CPU.ActiveCfg = Debug|Any CPU
		{73260BA0-6215-45FC-B866-204E2D399A83}.Debug|Any CPU.Build.0 = Debug|Any CPU
		{73260BA0-6215-45FC-B866-204E2D399A83}.Debug|x64.ActiveCfg = Debug|Any CPU
		{73260BA0-6215-45FC-B866-204E2D399A83}.Debug|x64.Build.0 = Debug|Any CPU
		{73260BA0-6215-45FC-B866-204E2D399A83}.Debug|x86.ActiveCfg = Debug|Any CPU
		{73260BA0-6215-45FC-B866-204E2D399A83}.Debug|x86.Build.0 = Debug|Any CPU
		{73260BA0-6215-45FC-B866-204E2D399A83}.Release|Any CPU.ActiveCfg = Release|Any CPU
		{73260BA0-6215-45FC-B866-204E2D399A83}.Release|Any CPU.Build.0 = Release|Any CPU
		{73260BA0-6215-45FC-B866-204E2D399A83}.Release|x64.ActiveCfg = Release|Any CPU
		{73260BA0-6215-45FC-B866-204E2D399A83}.Release|x64.Build.0 = Release|Any CPU
		{73260BA0-6215-45FC-B866-204E2D399A83}.Release|x86.ActiveCfg = Release|Any CPU
		{73260BA0-6215-45FC-B866-204E2D399A83}.Release|x86.Build.0 = Release|Any CPU
		{62FAEACE-FD21-43E9-A6CE-3B5B9D1CEB32}.Debug|Any CPU.ActiveCfg = Debug|Any CPU
		{62FAEACE-FD21-43E9-A6CE-3B5B9D1CEB32}.Debug|Any CPU.Build.0 = Debug|Any CPU
		{62FAEACE-FD21-43E9-A6CE-3B5B9D1CEB32}.Debug|x64.ActiveCfg = Debug|Any CPU
		{62FAEACE-FD21-43E9-A6CE-3B5B9D1CEB32}.Debug|x64.Build.0 = Debug|Any CPU
		{62FAEACE-FD21-43E9-A6CE-3B5B9D1CEB32}.Debug|x86.ActiveCfg = Debug|Any CPU
		{62FAEACE-FD21-43E9-A6CE-3B5B9D1CEB32}.Debug|x86.Build.0 = Debug|Any CPU
		{62FAEACE-FD21-43E9-A6CE-3B5B9D1CEB32}.Release|Any CPU.ActiveCfg = Release|Any CPU
		{62FAEACE-FD21-43E9-A6CE-3B5B9D1CEB32}.Release|Any CPU.Build.0 = Release|Any CPU
		{62FAEACE-FD21-43E9-A6CE-3B5B9D1CEB32}.Release|x64.ActiveCfg = Release|Any CPU
		{62FAEACE-FD21-43E9-A6CE-3B5B9D1CEB32}.Release|x64.Build.0 = Release|Any CPU
		{62FAEACE-FD21-43E9-A6CE-3B5B9D1CEB32}.Release|x86.ActiveCfg = Release|Any CPU
		{62FAEACE-FD21-43E9-A6CE-3B5B9D1CEB32}.Release|x86.Build.0 = Release|Any CPU
		{4DCC5AD5-DAA1-44F0-8C51-B0B5D46B9ABE}.Debug|Any CPU.ActiveCfg = Debug|Any CPU
		{4DCC5AD5-DAA1-44F0-8C51-B0B5D46B9ABE}.Debug|Any CPU.Build.0 = Debug|Any CPU
		{4DCC5AD5-DAA1-44F0-8C51-B0B5D46B9ABE}.Debug|x64.ActiveCfg = Debug|Any CPU
		{4DCC5AD5-DAA1-44F0-8C51-B0B5D46B9ABE}.Debug|x64.Build.0 = Debug|Any CPU
		{4DCC5AD5-DAA1-44F0-8C51-B0B5D46B9ABE}.Debug|x86.ActiveCfg = Debug|Any CPU
		{4DCC5AD5-DAA1-44F0-8C51-B0B5D46B9ABE}.Debug|x86.Build.0 = Debug|Any CPU
		{4DCC5AD5-DAA1-44F0-8C51-B0B5D46B9ABE}.Release|Any CPU.ActiveCfg = Release|Any CPU
		{4DCC5AD5-DAA1-44F0-8C51-B0B5D46B9ABE}.Release|Any CPU.Build.0 = Release|Any CPU
		{4DCC5AD5-DAA1-44F0-8C51-B0B5D46B9ABE}.Release|x64.ActiveCfg = Release|Any CPU
		{4DCC5AD5-DAA1-44F0-8C51-B0B5D46B9ABE}.Release|x64.Build.0 = Release|Any CPU
		{4DCC5AD5-DAA1-44F0-8C51-B0B5D46B9ABE}.Release|x86.ActiveCfg = Release|Any CPU
		{4DCC5AD5-DAA1-44F0-8C51-B0B5D46B9ABE}.Release|x86.Build.0 = Release|Any CPU
		{505318A9-4854-4F88-8D67-0D90B055CE09}.Debug|Any CPU.ActiveCfg = Debug|Any CPU
		{505318A9-4854-4F88-8D67-0D90B055CE09}.Debug|Any CPU.Build.0 = Debug|Any CPU
		{505318A9-4854-4F88-8D67-0D90B055CE09}.Debug|x64.ActiveCfg = Debug|Any CPU
		{505318A9-4854-4F88-8D67-0D90B055CE09}.Debug|x64.Build.0 = Debug|Any CPU
		{505318A9-4854-4F88-8D67-0D90B055CE09}.Debug|x86.ActiveCfg = Debug|Any CPU
		{505318A9-4854-4F88-8D67-0D90B055CE09}.Debug|x86.Build.0 = Debug|Any CPU
		{505318A9-4854-4F88-8D67-0D90B055CE09}.Release|Any CPU.ActiveCfg = Release|Any CPU
		{505318A9-4854-4F88-8D67-0D90B055CE09}.Release|Any CPU.Build.0 = Release|Any CPU
		{505318A9-4854-4F88-8D67-0D90B055CE09}.Release|x64.ActiveCfg = Release|Any CPU
		{505318A9-4854-4F88-8D67-0D90B055CE09}.Release|x64.Build.0 = Release|Any CPU
		{505318A9-4854-4F88-8D67-0D90B055CE09}.Release|x86.ActiveCfg = Release|Any CPU
		{505318A9-4854-4F88-8D67-0D90B055CE09}.Release|x86.Build.0 = Release|Any CPU
		{A9CBB12E-0DE2-4253-B6F4-385665595D2F}.Debug|Any CPU.ActiveCfg = Debug|Any CPU
		{A9CBB12E-0DE2-4253-B6F4-385665595D2F}.Debug|Any CPU.Build.0 = Debug|Any CPU
		{A9CBB12E-0DE2-4253-B6F4-385665595D2F}.Debug|x64.ActiveCfg = Debug|Any CPU
		{A9CBB12E-0DE2-4253-B6F4-385665595D2F}.Debug|x64.Build.0 = Debug|Any CPU
		{A9CBB12E-0DE2-4253-B6F4-385665595D2F}.Debug|x86.ActiveCfg = Debug|Any CPU
		{A9CBB12E-0DE2-4253-B6F4-385665595D2F}.Debug|x86.Build.0 = Debug|Any CPU
		{A9CBB12E-0DE2-4253-B6F4-385665595D2F}.Release|Any CPU.ActiveCfg = Release|Any CPU
		{A9CBB12E-0DE2-4253-B6F4-385665595D2F}.Release|Any CPU.Build.0 = Release|Any CPU
		{A9CBB12E-0DE2-4253-B6F4-385665595D2F}.Release|x64.ActiveCfg = Release|Any CPU
		{A9CBB12E-0DE2-4253-B6F4-385665595D2F}.Release|x64.Build.0 = Release|Any CPU
		{A9CBB12E-0DE2-4253-B6F4-385665595D2F}.Release|x86.ActiveCfg = Release|Any CPU
		{A9CBB12E-0DE2-4253-B6F4-385665595D2F}.Release|x86.Build.0 = Release|Any CPU
		{AE10CD31-A6C3-4D6F-B186-E43C9A4E32B0}.Debug|Any CPU.ActiveCfg = Debug|Any CPU
		{AE10CD31-A6C3-4D6F-B186-E43C9A4E32B0}.Debug|Any CPU.Build.0 = Debug|Any CPU
		{AE10CD31-A6C3-4D6F-B186-E43C9A4E32B0}.Debug|x64.ActiveCfg = Debug|Any CPU
		{AE10CD31-A6C3-4D6F-B186-E43C9A4E32B0}.Debug|x64.Build.0 = Debug|Any CPU
		{AE10CD31-A6C3-4D6F-B186-E43C9A4E32B0}.Debug|x86.ActiveCfg = Debug|Any CPU
		{AE10CD31-A6C3-4D6F-B186-E43C9A4E32B0}.Debug|x86.Build.0 = Debug|Any CPU
		{AE10CD31-A6C3-4D6F-B186-E43C9A4E32B0}.Release|Any CPU.ActiveCfg = Release|Any CPU
		{AE10CD31-A6C3-4D6F-B186-E43C9A4E32B0}.Release|Any CPU.Build.0 = Release|Any CPU
		{AE10CD31-A6C3-4D6F-B186-E43C9A4E32B0}.Release|x64.ActiveCfg = Release|Any CPU
		{AE10CD31-A6C3-4D6F-B186-E43C9A4E32B0}.Release|x64.Build.0 = Release|Any CPU
		{AE10CD31-A6C3-4D6F-B186-E43C9A4E32B0}.Release|x86.ActiveCfg = Release|Any CPU
		{AE10CD31-A6C3-4D6F-B186-E43C9A4E32B0}.Release|x86.Build.0 = Release|Any CPU
		{AD4088C6-6EC0-47B6-BA45-496950740F9E}.Debug|Any CPU.ActiveCfg = Debug|Any CPU
		{AD4088C6-6EC0-47B6-BA45-496950740F9E}.Debug|Any CPU.Build.0 = Debug|Any CPU
		{AD4088C6-6EC0-47B6-BA45-496950740F9E}.Debug|x64.ActiveCfg = Debug|Any CPU
		{AD4088C6-6EC0-47B6-BA45-496950740F9E}.Debug|x64.Build.0 = Debug|Any CPU
		{AD4088C6-6EC0-47B6-BA45-496950740F9E}.Debug|x86.ActiveCfg = Debug|Any CPU
		{AD4088C6-6EC0-47B6-BA45-496950740F9E}.Debug|x86.Build.0 = Debug|Any CPU
		{AD4088C6-6EC0-47B6-BA45-496950740F9E}.Release|Any CPU.ActiveCfg = Release|Any CPU
		{AD4088C6-6EC0-47B6-BA45-496950740F9E}.Release|Any CPU.Build.0 = Release|Any CPU
		{AD4088C6-6EC0-47B6-BA45-496950740F9E}.Release|x64.ActiveCfg = Release|Any CPU
		{AD4088C6-6EC0-47B6-BA45-496950740F9E}.Release|x64.Build.0 = Release|Any CPU
		{AD4088C6-6EC0-47B6-BA45-496950740F9E}.Release|x86.ActiveCfg = Release|Any CPU
		{AD4088C6-6EC0-47B6-BA45-496950740F9E}.Release|x86.Build.0 = Release|Any CPU
		{942CD9A7-48D0-463B-8F9B-42B5F04E74C8}.Debug|Any CPU.ActiveCfg = Debug|Any CPU
		{942CD9A7-48D0-463B-8F9B-42B5F04E74C8}.Debug|Any CPU.Build.0 = Debug|Any CPU
		{942CD9A7-48D0-463B-8F9B-42B5F04E74C8}.Debug|x64.ActiveCfg = Debug|Any CPU
		{942CD9A7-48D0-463B-8F9B-42B5F04E74C8}.Debug|x64.Build.0 = Debug|Any CPU
		{942CD9A7-48D0-463B-8F9B-42B5F04E74C8}.Debug|x86.ActiveCfg = Debug|Any CPU
		{942CD9A7-48D0-463B-8F9B-42B5F04E74C8}.Debug|x86.Build.0 = Debug|Any CPU
		{942CD9A7-48D0-463B-8F9B-42B5F04E74C8}.Release|Any CPU.ActiveCfg = Release|Any CPU
		{942CD9A7-48D0-463B-8F9B-42B5F04E74C8}.Release|Any CPU.Build.0 = Release|Any CPU
		{942CD9A7-48D0-463B-8F9B-42B5F04E74C8}.Release|x64.ActiveCfg = Release|Any CPU
		{942CD9A7-48D0-463B-8F9B-42B5F04E74C8}.Release|x64.Build.0 = Release|Any CPU
		{942CD9A7-48D0-463B-8F9B-42B5F04E74C8}.Release|x86.ActiveCfg = Release|Any CPU
		{942CD9A7-48D0-463B-8F9B-42B5F04E74C8}.Release|x86.Build.0 = Release|Any CPU
		{6B398FCE-1F60-4228-BB8A-3C3070BF9F64}.Debug|Any CPU.ActiveCfg = Debug|Any CPU
		{6B398FCE-1F60-4228-BB8A-3C3070BF9F64}.Debug|Any CPU.Build.0 = Debug|Any CPU
		{6B398FCE-1F60-4228-BB8A-3C3070BF9F64}.Debug|x64.ActiveCfg = Debug|Any CPU
		{6B398FCE-1F60-4228-BB8A-3C3070BF9F64}.Debug|x64.Build.0 = Debug|Any CPU
		{6B398FCE-1F60-4228-BB8A-3C3070BF9F64}.Debug|x86.ActiveCfg = Debug|Any CPU
		{6B398FCE-1F60-4228-BB8A-3C3070BF9F64}.Debug|x86.Build.0 = Debug|Any CPU
		{6B398FCE-1F60-4228-BB8A-3C3070BF9F64}.Release|Any CPU.ActiveCfg = Release|Any CPU
		{6B398FCE-1F60-4228-BB8A-3C3070BF9F64}.Release|Any CPU.Build.0 = Release|Any CPU
		{6B398FCE-1F60-4228-BB8A-3C3070BF9F64}.Release|x64.ActiveCfg = Release|Any CPU
		{6B398FCE-1F60-4228-BB8A-3C3070BF9F64}.Release|x64.Build.0 = Release|Any CPU
		{6B398FCE-1F60-4228-BB8A-3C3070BF9F64}.Release|x86.ActiveCfg = Release|Any CPU
		{6B398FCE-1F60-4228-BB8A-3C3070BF9F64}.Release|x86.Build.0 = Release|Any CPU
		{0C569017-A379-465E-B468-75102F7AFE12}.Debug|Any CPU.ActiveCfg = Debug|Any CPU
		{0C569017-A379-465E-B468-75102F7AFE12}.Debug|Any CPU.Build.0 = Debug|Any CPU
		{0C569017-A379-465E-B468-75102F7AFE12}.Debug|x64.ActiveCfg = Debug|Any CPU
		{0C569017-A379-465E-B468-75102F7AFE12}.Debug|x64.Build.0 = Debug|Any CPU
		{0C569017-A379-465E-B468-75102F7AFE12}.Debug|x86.ActiveCfg = Debug|Any CPU
		{0C569017-A379-465E-B468-75102F7AFE12}.Debug|x86.Build.0 = Debug|Any CPU
		{0C569017-A379-465E-B468-75102F7AFE12}.Release|Any CPU.ActiveCfg = Release|Any CPU
		{0C569017-A379-465E-B468-75102F7AFE12}.Release|Any CPU.Build.0 = Release|Any CPU
		{0C569017-A379-465E-B468-75102F7AFE12}.Release|x64.ActiveCfg = Release|Any CPU
		{0C569017-A379-465E-B468-75102F7AFE12}.Release|x64.Build.0 = Release|Any CPU
		{0C569017-A379-465E-B468-75102F7AFE12}.Release|x86.ActiveCfg = Release|Any CPU
		{0C569017-A379-465E-B468-75102F7AFE12}.Release|x86.Build.0 = Release|Any CPU
		{9001A5D1-8A61-4DFD-91BF-3AD1B3943BDE}.Debug|Any CPU.ActiveCfg = Debug|Any CPU
		{9001A5D1-8A61-4DFD-91BF-3AD1B3943BDE}.Debug|Any CPU.Build.0 = Debug|Any CPU
		{9001A5D1-8A61-4DFD-91BF-3AD1B3943BDE}.Debug|x64.ActiveCfg = Debug|Any CPU
		{9001A5D1-8A61-4DFD-91BF-3AD1B3943BDE}.Debug|x64.Build.0 = Debug|Any CPU
		{9001A5D1-8A61-4DFD-91BF-3AD1B3943BDE}.Debug|x86.ActiveCfg = Debug|Any CPU
		{9001A5D1-8A61-4DFD-91BF-3AD1B3943BDE}.Debug|x86.Build.0 = Debug|Any CPU
		{9001A5D1-8A61-4DFD-91BF-3AD1B3943BDE}.Release|Any CPU.ActiveCfg = Release|Any CPU
		{9001A5D1-8A61-4DFD-91BF-3AD1B3943BDE}.Release|Any CPU.Build.0 = Release|Any CPU
		{9001A5D1-8A61-4DFD-91BF-3AD1B3943BDE}.Release|x64.ActiveCfg = Release|Any CPU
		{9001A5D1-8A61-4DFD-91BF-3AD1B3943BDE}.Release|x64.Build.0 = Release|Any CPU
		{9001A5D1-8A61-4DFD-91BF-3AD1B3943BDE}.Release|x86.ActiveCfg = Release|Any CPU
		{9001A5D1-8A61-4DFD-91BF-3AD1B3943BDE}.Release|x86.Build.0 = Release|Any CPU
		{0BFEDF17-9B4C-4A2E-B185-9CA314C4FCC8}.Debug|Any CPU.ActiveCfg = Debug|Any CPU
		{0BFEDF17-9B4C-4A2E-B185-9CA314C4FCC8}.Debug|Any CPU.Build.0 = Debug|Any CPU
		{0BFEDF17-9B4C-4A2E-B185-9CA314C4FCC8}.Debug|x64.ActiveCfg = Debug|Any CPU
		{0BFEDF17-9B4C-4A2E-B185-9CA314C4FCC8}.Debug|x64.Build.0 = Debug|Any CPU
		{0BFEDF17-9B4C-4A2E-B185-9CA314C4FCC8}.Debug|x86.ActiveCfg = Debug|Any CPU
		{0BFEDF17-9B4C-4A2E-B185-9CA314C4FCC8}.Debug|x86.Build.0 = Debug|Any CPU
		{0BFEDF17-9B4C-4A2E-B185-9CA314C4FCC8}.Release|Any CPU.ActiveCfg = Release|Any CPU
		{0BFEDF17-9B4C-4A2E-B185-9CA314C4FCC8}.Release|Any CPU.Build.0 = Release|Any CPU
		{0BFEDF17-9B4C-4A2E-B185-9CA314C4FCC8}.Release|x64.ActiveCfg = Release|Any CPU
		{0BFEDF17-9B4C-4A2E-B185-9CA314C4FCC8}.Release|x64.Build.0 = Release|Any CPU
		{0BFEDF17-9B4C-4A2E-B185-9CA314C4FCC8}.Release|x86.ActiveCfg = Release|Any CPU
		{0BFEDF17-9B4C-4A2E-B185-9CA314C4FCC8}.Release|x86.Build.0 = Release|Any CPU
		{03149A2A-7E5E-42B8-A74A-99AE78147BC8}.Debug|Any CPU.ActiveCfg = Debug|Any CPU
		{03149A2A-7E5E-42B8-A74A-99AE78147BC8}.Debug|Any CPU.Build.0 = Debug|Any CPU
		{03149A2A-7E5E-42B8-A74A-99AE78147BC8}.Debug|x64.ActiveCfg = Debug|Any CPU
		{03149A2A-7E5E-42B8-A74A-99AE78147BC8}.Debug|x64.Build.0 = Debug|Any CPU
		{03149A2A-7E5E-42B8-A74A-99AE78147BC8}.Debug|x86.ActiveCfg = Debug|Any CPU
		{03149A2A-7E5E-42B8-A74A-99AE78147BC8}.Debug|x86.Build.0 = Debug|Any CPU
		{03149A2A-7E5E-42B8-A74A-99AE78147BC8}.Release|Any CPU.ActiveCfg = Release|Any CPU
		{03149A2A-7E5E-42B8-A74A-99AE78147BC8}.Release|Any CPU.Build.0 = Release|Any CPU
		{03149A2A-7E5E-42B8-A74A-99AE78147BC8}.Release|x64.ActiveCfg = Release|Any CPU
		{03149A2A-7E5E-42B8-A74A-99AE78147BC8}.Release|x64.Build.0 = Release|Any CPU
		{03149A2A-7E5E-42B8-A74A-99AE78147BC8}.Release|x86.ActiveCfg = Release|Any CPU
		{03149A2A-7E5E-42B8-A74A-99AE78147BC8}.Release|x86.Build.0 = Release|Any CPU
		{6B589D00-1E9A-497B-A8DB-A0269E61A13D}.Debug|Any CPU.ActiveCfg = Debug|Any CPU
		{6B589D00-1E9A-497B-A8DB-A0269E61A13D}.Debug|Any CPU.Build.0 = Debug|Any CPU
		{6B589D00-1E9A-497B-A8DB-A0269E61A13D}.Debug|x64.ActiveCfg = Debug|Any CPU
		{6B589D00-1E9A-497B-A8DB-A0269E61A13D}.Debug|x64.Build.0 = Debug|Any CPU
		{6B589D00-1E9A-497B-A8DB-A0269E61A13D}.Debug|x86.ActiveCfg = Debug|Any CPU
		{6B589D00-1E9A-497B-A8DB-A0269E61A13D}.Debug|x86.Build.0 = Debug|Any CPU
		{6B589D00-1E9A-497B-A8DB-A0269E61A13D}.Release|Any CPU.ActiveCfg = Release|Any CPU
		{6B589D00-1E9A-497B-A8DB-A0269E61A13D}.Release|Any CPU.Build.0 = Release|Any CPU
		{6B589D00-1E9A-497B-A8DB-A0269E61A13D}.Release|x64.ActiveCfg = Release|Any CPU
		{6B589D00-1E9A-497B-A8DB-A0269E61A13D}.Release|x64.Build.0 = Release|Any CPU
		{6B589D00-1E9A-497B-A8DB-A0269E61A13D}.Release|x86.ActiveCfg = Release|Any CPU
		{6B589D00-1E9A-497B-A8DB-A0269E61A13D}.Release|x86.Build.0 = Release|Any CPU
		{DC413619-A2E2-440F-A143-5FE6A40EBBCE}.Debug|Any CPU.ActiveCfg = Debug|Any CPU
		{DC413619-A2E2-440F-A143-5FE6A40EBBCE}.Debug|Any CPU.Build.0 = Debug|Any CPU
		{DC413619-A2E2-440F-A143-5FE6A40EBBCE}.Debug|x64.ActiveCfg = Debug|Any CPU
		{DC413619-A2E2-440F-A143-5FE6A40EBBCE}.Debug|x64.Build.0 = Debug|Any CPU
		{DC413619-A2E2-440F-A143-5FE6A40EBBCE}.Debug|x86.ActiveCfg = Debug|Any CPU
		{DC413619-A2E2-440F-A143-5FE6A40EBBCE}.Debug|x86.Build.0 = Debug|Any CPU
		{DC413619-A2E2-440F-A143-5FE6A40EBBCE}.Release|Any CPU.ActiveCfg = Release|Any CPU
		{DC413619-A2E2-440F-A143-5FE6A40EBBCE}.Release|Any CPU.Build.0 = Release|Any CPU
		{DC413619-A2E2-440F-A143-5FE6A40EBBCE}.Release|x64.ActiveCfg = Release|Any CPU
		{DC413619-A2E2-440F-A143-5FE6A40EBBCE}.Release|x64.Build.0 = Release|Any CPU
		{DC413619-A2E2-440F-A143-5FE6A40EBBCE}.Release|x86.ActiveCfg = Release|Any CPU
		{DC413619-A2E2-440F-A143-5FE6A40EBBCE}.Release|x86.Build.0 = Release|Any CPU
	EndGlobalSection
	GlobalSection(SolutionProperties) = preSolution
		HideSolutionNode = FALSE
	EndGlobalSection
	GlobalSection(NestedProjects) = preSolution
		{73260BA0-6215-45FC-B866-204E2D399A83} = {D98F4966-F523-4E74-83DA-A0FBA6DD4215}
		{62FAEACE-FD21-43E9-A6CE-3B5B9D1CEB32} = {5BFE1232-DEA7-4A96-BC29-2888E8586CD2}
		{4DCC5AD5-DAA1-44F0-8C51-B0B5D46B9ABE} = {D98F4966-F523-4E74-83DA-A0FBA6DD4215}
		{505318A9-4854-4F88-8D67-0D90B055CE09} = {5BFE1232-DEA7-4A96-BC29-2888E8586CD2}
		{A9CBB12E-0DE2-4253-B6F4-385665595D2F} = {5BFE1232-DEA7-4A96-BC29-2888E8586CD2}
		{AE10CD31-A6C3-4D6F-B186-E43C9A4E32B0} = {38976CF9-C4BD-4548-AFCC-DB95AEA602CA}
		{AD4088C6-6EC0-47B6-BA45-496950740F9E} = {38976CF9-C4BD-4548-AFCC-DB95AEA602CA}
		{942CD9A7-48D0-463B-8F9B-42B5F04E74C8} = {38976CF9-C4BD-4548-AFCC-DB95AEA602CA}
		{6B398FCE-1F60-4228-BB8A-3C3070BF9F64} = {5F09CE76-5236-407A-BECB-651795424EDE}
		{0C569017-A379-465E-B468-75102F7AFE12} = {38976CF9-C4BD-4548-AFCC-DB95AEA602CA}
		{9001A5D1-8A61-4DFD-91BF-3AD1B3943BDE} = {38976CF9-C4BD-4548-AFCC-DB95AEA602CA}
		{0BFEDF17-9B4C-4A2E-B185-9CA314C4FCC8} = {38976CF9-C4BD-4548-AFCC-DB95AEA602CA}
		{03149A2A-7E5E-42B8-A74A-99AE78147BC8} = {38976CF9-C4BD-4548-AFCC-DB95AEA602CA}
		{6B589D00-1E9A-497B-A8DB-A0269E61A13D} = {5F09CE76-5236-407A-BECB-651795424EDE}
		{DC413619-A2E2-440F-A143-5FE6A40EBBCE} = {38976CF9-C4BD-4548-AFCC-DB95AEA602CA}
	EndGlobalSection
	GlobalSection(ExtensibilityGlobals) = postSolution
		SolutionGuid = {E7507BB4-9F61-4E24-B777-8E33EA324934}
	EndGlobalSection
EndGlobal
