
Microsoft Visual Studio Solution File, Format Version 12.00
# Visual Studio 15
VisualStudioVersion = 15.0.26730.16
MinimumVisualStudioVersion = 10.0.40219.1
Project("{9A19103F-16F7-4668-BE54-9A1E7A4F7556}") = "Aster.Web", "Aster.Web\Aster.Web.csproj", "{D8C2B951-3294-4632-B1CD-BA15DA9150E7}"
EndProject
Project("{9A19103F-16F7-4668-BE54-9A1E7A4F7556}") = "Aster.Users", "Aster.UserIdentity\Aster.Users.csproj", "{1DA1C721-757B-452D-B187-8C8F24605683}"
EndProject
Project("{9A19103F-16F7-4668-BE54-9A1E7A4F7556}") = "Aster.Data", "Aster.Data\Aster.Data.csproj", "{E3E872EF-931A-4D83-B10A-860A473AF14A}"
EndProject
Project("{9A19103F-16F7-4668-BE54-9A1E7A4F7556}") = "Aster.Store", "Aster.Store\Aster.Store.csproj", "{1D8FFE83-F034-4ADC-A0FA-8C045F75DA9A}"
EndProject
Project("{2150E333-8FDC-42A3-9474-1A3956D46DE8}") = "Core", "Core", "{5BFE1232-DEA7-4A96-BC29-2888E8586CD2}"
EndProject
Project("{FAE04EC0-301F-11D3-BF4B-00C04F79EFBC}") = "Aster.Domain", "Aster.Core.Domain\Aster.Domain.csproj", "{B98FB3F9-A8D1-43F0-AF2A-820B3BE31C83}"
EndProject
Project("{FAE04EC0-301F-11D3-BF4B-00C04F79EFBC}") = "Aster.HostEngine", "Aster.HostEngine\Aster.HostEngine.csproj", "{B724504B-03A6-4B7C-BB6C-34470ED0A302}"
EndProject
Project("{2150E333-8FDC-42A3-9474-1A3956D46DE8}") = "Plugins", "Plugins", "{E2137330-8F1F-4427-AED4-0A55AA225379}"
EndProject
Project("{FAE04EC0-301F-11D3-BF4B-00C04F79EFBC}") = "Aster.Payroll.Sage", "Aster.Payroll.Sage\Aster.Payroll.Sage.csproj", "{65025071-D688-455C-9AE5-55CC713A1130}"
EndProject
Project("{FAE04EC0-301F-11D3-BF4B-00C04F79EFBC}") = "Aster.Payroll.Abstraction", "Aster.Payroll.Abstraction\Aster.Payroll.Abstraction.csproj", "{5B407DD0-1976-47CC-BE8E-C07235BA6406}"
EndProject
Project("{FAE04EC0-301F-11D3-BF4B-00C04F79EFBC}") = "Aster.Payroll.ADB", "Aster.Payroll.ADB\Aster.Payroll.ADB.csproj", "{77520329-8E20-4D1C-9877-EED3E4AEEAFA}"
EndProject
Project("{2150E333-8FDC-42A3-9474-1A3956D46DE8}") = "Environment", "Environment", "{D98F4966-F523-4E74-83DA-A0FBA6DD4215}"
EndProject
Project("{FAE04EC0-301F-11D3-BF4B-00C04F79EFBC}") = "Aster.Dependency", "DependencyManagement\Aster.Dependency.csproj", "{7F4C86D3-458A-444D-B4DE-7F417C9370F1}"
EndProject
Project("{FAE04EC0-301F-11D3-BF4B-00C04F79EFBC}") = "Aster.AutoMapper", "Aster.AutoMapper\Aster.AutoMapper.csproj", "{55394969-37C8-4A0E-BE6D-36CC13313C5A}"
EndProject
Project("{FAE04EC0-301F-11D3-BF4B-00C04F79EFBC}") = "Aster.Services", "Aster.Services\Aster.Services.csproj", "{1B9925CF-9320-4E66-ACCF-E98558186727}"
EndProject
Project("{FAE04EC0-301F-11D3-BF4B-00C04F79EFBC}") = "Aster.Tax.Abstraction", "Aster.Tax.Abstraction\Aster.Tax.Abstraction.csproj", "{2BCB3759-C9E5-451F-B722-89F6016BB7CB}"
EndProject
Project("{FAE04EC0-301F-11D3-BF4B-00C04F79EFBC}") = "Aster.Framework", "Aster.Framework\Aster.Framework.csproj", "{AEC4DCED-D8CD-4DFE-9C57-2F1B769E5F56}"
EndProject
Global
	GlobalSection(SolutionConfigurationPlatforms) = preSolution
		Debug|Any CPU = Debug|Any CPU
		Release|Any CPU = Release|Any CPU
	EndGlobalSection
	GlobalSection(ProjectConfigurationPlatforms) = postSolution
		{D8C2B951-3294-4632-B1CD-BA15DA9150E7}.Debug|Any CPU.ActiveCfg = Debug|Any CPU
		{D8C2B951-3294-4632-B1CD-BA15DA9150E7}.Debug|Any CPU.Build.0 = Debug|Any CPU
		{D8C2B951-3294-4632-B1CD-BA15DA9150E7}.Release|Any CPU.ActiveCfg = Release|Any CPU
		{D8C2B951-3294-4632-B1CD-BA15DA9150E7}.Release|Any CPU.Build.0 = Release|Any CPU
		{1DA1C721-757B-452D-B187-8C8F24605683}.Debug|Any CPU.ActiveCfg = Debug|Any CPU
		{1DA1C721-757B-452D-B187-8C8F24605683}.Debug|Any CPU.Build.0 = Debug|Any CPU
		{1DA1C721-757B-452D-B187-8C8F24605683}.Release|Any CPU.ActiveCfg = Release|Any CPU
		{1DA1C721-757B-452D-B187-8C8F24605683}.Release|Any CPU.Build.0 = Release|Any CPU
		{E3E872EF-931A-4D83-B10A-860A473AF14A}.Debug|Any CPU.ActiveCfg = Debug|Any CPU
		{E3E872EF-931A-4D83-B10A-860A473AF14A}.Debug|Any CPU.Build.0 = Debug|Any CPU
		{E3E872EF-931A-4D83-B10A-860A473AF14A}.Release|Any CPU.ActiveCfg = Release|Any CPU
		{E3E872EF-931A-4D83-B10A-860A473AF14A}.Release|Any CPU.Build.0 = Release|Any CPU
		{1D8FFE83-F034-4ADC-A0FA-8C045F75DA9A}.Debug|Any CPU.ActiveCfg = Debug|Any CPU
		{1D8FFE83-F034-4ADC-A0FA-8C045F75DA9A}.Debug|Any CPU.Build.0 = Debug|Any CPU
		{1D8FFE83-F034-4ADC-A0FA-8C045F75DA9A}.Release|Any CPU.ActiveCfg = Release|Any CPU
		{1D8FFE83-F034-4ADC-A0FA-8C045F75DA9A}.Release|Any CPU.Build.0 = Release|Any CPU
		{B98FB3F9-A8D1-43F0-AF2A-820B3BE31C83}.Debug|Any CPU.ActiveCfg = Debug|Any CPU
		{B98FB3F9-A8D1-43F0-AF2A-820B3BE31C83}.Debug|Any CPU.Build.0 = Debug|Any CPU
		{B98FB3F9-A8D1-43F0-AF2A-820B3BE31C83}.Release|Any CPU.ActiveCfg = Release|Any CPU
		{B98FB3F9-A8D1-43F0-AF2A-820B3BE31C83}.Release|Any CPU.Build.0 = Release|Any CPU
		{B724504B-03A6-4B7C-BB6C-34470ED0A302}.Debug|Any CPU.ActiveCfg = Debug|Any CPU
		{B724504B-03A6-4B7C-BB6C-34470ED0A302}.Debug|Any CPU.Build.0 = Debug|Any CPU
		{B724504B-03A6-4B7C-BB6C-34470ED0A302}.Release|Any CPU.ActiveCfg = Release|Any CPU
		{B724504B-03A6-4B7C-BB6C-34470ED0A302}.Release|Any CPU.Build.0 = Release|Any CPU
		{65025071-D688-455C-9AE5-55CC713A1130}.Debug|Any CPU.ActiveCfg = Debug|Any CPU
		{65025071-D688-455C-9AE5-55CC713A1130}.Debug|Any CPU.Build.0 = Debug|Any CPU
		{65025071-D688-455C-9AE5-55CC713A1130}.Release|Any CPU.ActiveCfg = Release|Any CPU
		{65025071-D688-455C-9AE5-55CC713A1130}.Release|Any CPU.Build.0 = Release|Any CPU
		{5B407DD0-1976-47CC-BE8E-C07235BA6406}.Debug|Any CPU.ActiveCfg = Debug|Any CPU
		{5B407DD0-1976-47CC-BE8E-C07235BA6406}.Debug|Any CPU.Build.0 = Debug|Any CPU
		{5B407DD0-1976-47CC-BE8E-C07235BA6406}.Release|Any CPU.ActiveCfg = Release|Any CPU
		{5B407DD0-1976-47CC-BE8E-C07235BA6406}.Release|Any CPU.Build.0 = Release|Any CPU
		{77520329-8E20-4D1C-9877-EED3E4AEEAFA}.Debug|Any CPU.ActiveCfg = Debug|Any CPU
		{77520329-8E20-4D1C-9877-EED3E4AEEAFA}.Debug|Any CPU.Build.0 = Debug|Any CPU
		{77520329-8E20-4D1C-9877-EED3E4AEEAFA}.Release|Any CPU.ActiveCfg = Release|Any CPU
		{77520329-8E20-4D1C-9877-EED3E4AEEAFA}.Release|Any CPU.Build.0 = Release|Any CPU
		{7F4C86D3-458A-444D-B4DE-7F417C9370F1}.Debug|Any CPU.ActiveCfg = Debug|Any CPU
		{7F4C86D3-458A-444D-B4DE-7F417C9370F1}.Debug|Any CPU.Build.0 = Debug|Any CPU
		{7F4C86D3-458A-444D-B4DE-7F417C9370F1}.Release|Any CPU.ActiveCfg = Release|Any CPU
		{7F4C86D3-458A-444D-B4DE-7F417C9370F1}.Release|Any CPU.Build.0 = Release|Any CPU
		{55394969-37C8-4A0E-BE6D-36CC13313C5A}.Debug|Any CPU.ActiveCfg = Debug|Any CPU
		{55394969-37C8-4A0E-BE6D-36CC13313C5A}.Debug|Any CPU.Build.0 = Debug|Any CPU
		{55394969-37C8-4A0E-BE6D-36CC13313C5A}.Release|Any CPU.ActiveCfg = Release|Any CPU
		{55394969-37C8-4A0E-BE6D-36CC13313C5A}.Release|Any CPU.Build.0 = Release|Any CPU
		{1B9925CF-9320-4E66-ACCF-E98558186727}.Debug|Any CPU.ActiveCfg = Debug|Any CPU
		{1B9925CF-9320-4E66-ACCF-E98558186727}.Debug|Any CPU.Build.0 = Debug|Any CPU
		{1B9925CF-9320-4E66-ACCF-E98558186727}.Release|Any CPU.ActiveCfg = Release|Any CPU
		{1B9925CF-9320-4E66-ACCF-E98558186727}.Release|Any CPU.Build.0 = Release|Any CPU
		{2BCB3759-C9E5-451F-B722-89F6016BB7CB}.Debug|Any CPU.ActiveCfg = Debug|Any CPU
		{2BCB3759-C9E5-451F-B722-89F6016BB7CB}.Debug|Any CPU.Build.0 = Debug|Any CPU
		{2BCB3759-C9E5-451F-B722-89F6016BB7CB}.Release|Any CPU.ActiveCfg = Release|Any CPU
		{2BCB3759-C9E5-451F-B722-89F6016BB7CB}.Release|Any CPU.Build.0 = Release|Any CPU
		{AEC4DCED-D8CD-4DFE-9C57-2F1B769E5F56}.Debug|Any CPU.ActiveCfg = Debug|Any CPU
		{AEC4DCED-D8CD-4DFE-9C57-2F1B769E5F56}.Debug|Any CPU.Build.0 = Debug|Any CPU
		{AEC4DCED-D8CD-4DFE-9C57-2F1B769E5F56}.Release|Any CPU.ActiveCfg = Release|Any CPU
		{AEC4DCED-D8CD-4DFE-9C57-2F1B769E5F56}.Release|Any CPU.Build.0 = Release|Any CPU
	EndGlobalSection
	GlobalSection(SolutionProperties) = preSolution
		HideSolutionNode = FALSE
	EndGlobalSection
	GlobalSection(NestedProjects) = preSolution
		{E3E872EF-931A-4D83-B10A-860A473AF14A} = {D98F4966-F523-4E74-83DA-A0FBA6DD4215}
		{B98FB3F9-A8D1-43F0-AF2A-820B3BE31C83} = {5BFE1232-DEA7-4A96-BC29-2888E8586CD2}
		{B724504B-03A6-4B7C-BB6C-34470ED0A302} = {D98F4966-F523-4E74-83DA-A0FBA6DD4215}
		{65025071-D688-455C-9AE5-55CC713A1130} = {E2137330-8F1F-4427-AED4-0A55AA225379}
		{5B407DD0-1976-47CC-BE8E-C07235BA6406} = {5BFE1232-DEA7-4A96-BC29-2888E8586CD2}
		{77520329-8E20-4D1C-9877-EED3E4AEEAFA} = {E2137330-8F1F-4427-AED4-0A55AA225379}
		{7F4C86D3-458A-444D-B4DE-7F417C9370F1} = {D98F4966-F523-4E74-83DA-A0FBA6DD4215}
		{55394969-37C8-4A0E-BE6D-36CC13313C5A} = {D98F4966-F523-4E74-83DA-A0FBA6DD4215}
		{1B9925CF-9320-4E66-ACCF-E98558186727} = {5BFE1232-DEA7-4A96-BC29-2888E8586CD2}
		{2BCB3759-C9E5-451F-B722-89F6016BB7CB} = {5BFE1232-DEA7-4A96-BC29-2888E8586CD2}
	EndGlobalSection
	GlobalSection(ExtensibilityGlobals) = postSolution
		SolutionGuid = {E7507BB4-9F61-4E24-B777-8E33EA324934}
	EndGlobalSection
EndGlobal
